lockfileVersion: '6.0'

settings:
  autoInstallPeers: true
  excludeLinksFromLockfile: false

devDependencies:
  rescript:
    specifier: 11.0.0-beta.4
    version: 11.0.0-beta.4

packages:

  /rescript@11.0.0-beta.4:
    resolution: {integrity: sha512-MqTyh9LhDmA++2nemZF+amEO3kOg6a5tR43DuLVocILOAvR17UZcVcS6czGaW6+zOxvPOXVv2i/xiiWCJIDmvw==}
    engines: {node: '>=10'}
    hasBin: true
    requiresBuild: true
    dev: true
